lockfileVersion: '9.0'

settings:
  autoInstallPeers: true
  excludeLinksFromLockfile: false

importers:

  .:
    dependencies:
      '@material/theme':
        specifier: ^14.0.0
        version: 14.0.0
      '@material/typography':
        specifier: ^14.0.0
        version: 14.0.0
      '@smui/button':
        specifier: ^8.0.3
        version: 8.0.3
      '@smui/card':
        specifier: ^8.0.3
        version: 8.0.3
      '@smui/checkbox':
        specifier: ^8.0.3
        version: 8.0.3
      '@smui/circular-progress':
        specifier: ^8.0.3
        version: 8.0.3
      '@smui/dialog':
        specifier: ^8.0.3
        version: 8.0.3
      '@smui/drawer':
        specifier: ^8.0.3
        version: 8.0.3
      '@smui/form-field':
        specifier: ^8.0.3
        version: 8.0.3
      '@smui/icon-button':
        specifier: ^8.0.3
        version: 8.0.3
      '@smui/list':
        specifier: ^8.0.3
        version: 8.0.3
      '@smui/menu':
        specifier: ^8.0.3
        version: 8.0.3
      '@smui/snackbar':
        specifier: ^8.0.3
        version: 8.0.3
      '@smui/textfield':
        specifier: ^8.0.3
        version: 8.0.3
      '@smui/tooltip':
        specifier: ^8.0.3
        version: 8.0.3
      '@smui/top-app-bar':
        specifier: ^8.0.3
        version: 8.0.3
    devDependencies:
      '@sveltejs/adapter-auto':
        specifier: ^3.0.0
        version: 3.3.1(@sveltejs/kit@2.37.0(@sveltejs/vite-plugin-svelte@4.0.4(svelte@5.38.6)(vite@5.4.19))(svelte@5.38.6)(vite@5.4.19))
      '@sveltejs/kit':
        specifier: ^2.0.0
        version: 2.37.0(@sveltejs/vite-plugin-svelte@4.0.4(svelte@5.38.6)(vite@5.4.19))(svelte@5.38.6)(vite@5.4.19)
      '@sveltejs/vite-plugin-svelte':
        specifier: ^4.0.0
        version: 4.0.4(svelte@5.38.6)(vite@5.4.19)
      svelte:
        specifier: ^5.0.0
        version: 5.38.6
      typescript:
        specifier: ^5.0.0
        version: 5.9.2
      vite:
        specifier: ^5.0.3
        version: 5.4.19

packages:

  '@esbuild/aix-ppc64@0.21.5':
    resolution: {integrity: sha512-1SDgH6ZSPTlggy1yI6+Dbkiz8xzpHJEVAlF/AM1tHPLsf5STom9rwtjE4hKAF20FfXXNTFqEYXyJNWh1GiZedQ==}
    engines: {node: '>=12'}
    cpu: [ppc64]
    os: [aix]

  '@esbuild/android-arm64@0.21.5':
    resolution: {integrity: sha512-c0uX9VAUBQ7dTDCjq+wdyGLowMdtR/GoC2U5IYk/7D1H1JYC0qseD7+11iMP2mRLN9RcCMRcjC4YMclCzGwS/A==}
    engines: {node: '>=12'}
    cpu: [arm64]
    os: [android]

  '@esbuild/android-arm@0.21.5':
    resolution: {integrity: sha512-vCPvzSjpPHEi1siZdlvAlsPxXl7WbOVUBBAowWug4rJHb68Ox8KualB+1ocNvT5fjv6wpkX6o/iEpbDrf68zcg==}
    engines: {node: '>=12'}
    cpu: [arm]
    os: [android]

  '@esbuild/android-x64@0.21.5':
    resolution: {integrity: sha512-D7aPRUUNHRBwHxzxRvp856rjUHRFW1SdQATKXH2hqA0kAZb1hKmi02OpYRacl0TxIGz/ZmXWlbZgjwWYaCakTA==}
    engines: {node: '>=12'}
    cpu: [x64]
    os: [android]

  '@esbuild/darwin-arm64@0.21.5':
    resolution: {integrity: sha512-DwqXqZyuk5AiWWf3UfLiRDJ5EDd49zg6O9wclZ7kUMv2WRFr4HKjXp/5t8JZ11QbQfUS6/cRCKGwYhtNAY88kQ==}
    engines: {node: '>=12'}
    cpu: [arm64]
    os: [darwin]

  '@esbuild/darwin-x64@0.21.5':
    resolution: {integrity: sha512-se/JjF8NlmKVG4kNIuyWMV/22ZaerB+qaSi5MdrXtd6R08kvs2qCN4C09miupktDitvh8jRFflwGFBQcxZRjbw==}
    engines: {node: '>=12'}
    cpu: [x64]
    os: [darwin]

  '@esbuild/freebsd-arm64@0.21.5':
    resolution: {integrity: sha512-5JcRxxRDUJLX8JXp/wcBCy3pENnCgBR9bN6JsY4OmhfUtIHe3ZW0mawA7+RDAcMLrMIZaf03NlQiX9DGyB8h4g==}
    engines: {node: '>=12'}
    cpu: [arm64]
    os: [freebsd]

  '@esbuild/freebsd-x64@0.21.5':
    resolution: {integrity: sha512-J95kNBj1zkbMXtHVH29bBriQygMXqoVQOQYA+ISs0/2l3T9/kj42ow2mpqerRBxDJnmkUDCaQT/dfNXWX/ZZCQ==}
    engines: {node: '>=12'}
    cpu: [x64]
    os: [freebsd]

  '@esbuild/linux-arm64@0.21.5':
    resolution: {integrity: sha512-ibKvmyYzKsBeX8d8I7MH/TMfWDXBF3db4qM6sy+7re0YXya+K1cem3on9XgdT2EQGMu4hQyZhan7TeQ8XkGp4Q==}
    engines: {node: '>=12'}
    cpu: [arm64]
    os: [linux]

  '@esbuild/linux-arm@0.21.5':
    resolution: {integrity: sha512-bPb5AHZtbeNGjCKVZ9UGqGwo8EUu4cLq68E95A53KlxAPRmUyYv2D6F0uUI65XisGOL1hBP5mTronbgo+0bFcA==}
    engines: {node: '>=12'}
    cpu: [arm]
    os: [linux]

  '@esbuild/linux-ia32@0.21.5':
    resolution: {integrity: sha512-YvjXDqLRqPDl2dvRODYmmhz4rPeVKYvppfGYKSNGdyZkA01046pLWyRKKI3ax8fbJoK5QbxblURkwK/MWY18Tg==}
    engines: {node: '>=12'}
    cpu: [ia32]
    os: [linux]

  '@esbuild/linux-loong64@0.21.5':
    resolution: {integrity: sha512-uHf1BmMG8qEvzdrzAqg2SIG/02+4/DHB6a9Kbya0XDvwDEKCoC8ZRWI5JJvNdUjtciBGFQ5PuBlpEOXQj+JQSg==}
    engines: {node: '>=12'}
    cpu: [loong64]
    os: [linux]

  '@esbuild/linux-mips64el@0.21.5':
    resolution: {integrity: sha512-IajOmO+KJK23bj52dFSNCMsz1QP1DqM6cwLUv3W1QwyxkyIWecfafnI555fvSGqEKwjMXVLokcV5ygHW5b3Jbg==}
    engines: {node: '>=12'}
    cpu: [mips64el]
    os: [linux]

  '@esbuild/linux-ppc64@0.21.5':
    resolution: {integrity: sha512-1hHV/Z4OEfMwpLO8rp7CvlhBDnjsC3CttJXIhBi+5Aj5r+MBvy4egg7wCbe//hSsT+RvDAG7s81tAvpL2XAE4w==}
    engines: {node: '>=12'}
    cpu: [ppc64]
    os: [linux]

  '@esbuild/linux-riscv64@0.21.5':
    resolution: {integrity: sha512-2HdXDMd9GMgTGrPWnJzP2ALSokE/0O5HhTUvWIbD3YdjME8JwvSCnNGBnTThKGEB91OZhzrJ4qIIxk/SBmyDDA==}
    engines: {node: '>=12'}
    cpu: [riscv64]
    os: [linux]

  '@esbuild/linux-s390x@0.21.5':
    resolution: {integrity: sha512-zus5sxzqBJD3eXxwvjN1yQkRepANgxE9lgOW2qLnmr8ikMTphkjgXu1HR01K4FJg8h1kEEDAqDcZQtbrRnB41A==}
    engines: {node: '>=12'}
    cpu: [s390x]
    os: [linux]

  '@esbuild/linux-x64@0.21.5':
    resolution: {integrity: sha512-1rYdTpyv03iycF1+BhzrzQJCdOuAOtaqHTWJZCWvijKD2N5Xu0TtVC8/+1faWqcP9iBCWOmjmhoH94dH82BxPQ==}
    engines: {node: '>=12'}
    cpu: [x64]
    os: [linux]

  '@esbuild/netbsd-x64@0.21.5':
    resolution: {integrity: sha512-Woi2MXzXjMULccIwMnLciyZH4nCIMpWQAs049KEeMvOcNADVxo0UBIQPfSmxB3CWKedngg7sWZdLvLczpe0tLg==}
    engines: {node: '>=12'}
    cpu: [x64]
    os: [netbsd]

  '@esbuild/openbsd-x64@0.21.5':
    resolution: {integrity: sha512-HLNNw99xsvx12lFBUwoT8EVCsSvRNDVxNpjZ7bPn947b8gJPzeHWyNVhFsaerc0n3TsbOINvRP2byTZ5LKezow==}
    engines: {node: '>=12'}
    cpu: [x64]
    os: [openbsd]

  '@esbuild/sunos-x64@0.21.5':
    resolution: {integrity: sha512-6+gjmFpfy0BHU5Tpptkuh8+uw3mnrvgs+dSPQXQOv3ekbordwnzTVEb4qnIvQcYXq6gzkyTnoZ9dZG+D4garKg==}
    engines: {node: '>=12'}
    cpu: [x64]
    os: [sunos]

  '@esbuild/win32-arm64@0.21.5':
    resolution: {integrity: sha512-Z0gOTd75VvXqyq7nsl93zwahcTROgqvuAcYDUr+vOv8uHhNSKROyU961kgtCD1e95IqPKSQKH7tBTslnS3tA8A==}
    engines: {node: '>=12'}
    cpu: [arm64]
    os: [win32]

  '@esbuild/win32-ia32@0.21.5':
    resolution: {integrity: sha512-SWXFF1CL2RVNMaVs+BBClwtfZSvDgtL//G/smwAc5oVK/UPu2Gu9tIaRgFmYFFKrmg3SyAjSrElf0TiJ1v8fYA==}
    engines: {node: '>=12'}
    cpu: [ia32]
    os: [win32]

  '@esbuild/win32-x64@0.21.5':
    resolution: {integrity: sha512-tQd/1efJuzPC6rCFwEvLtci/xNFcTZknmXs98FYDfGE4wP9ClFV98nyKrzJKVPMhdDnjzLhdUyMX4PsQAPjwIw==}
    engines: {node: '>=12'}
    cpu: [x64]
    os: [win32]

  '@jridgewell/gen-mapping@0.3.13':
    resolution: {integrity: sha512-2kkt/7niJ6MgEPxF0bYdQ6etZaA+fQvDcLKckhy1yIQOzaoKjBBjSj63/aLVjYE3qhRt5dvM+uUyfCg6UKCBbA==}

  '@jridgewell/remapping@2.3.5':
    resolution: {integrity: sha512-LI9u/+laYG4Ds1TDKSJW2YPrIlcVYOwi2fUC6xB43lueCjgxV4lffOCZCtYFiH6TNOX+tQKXx97T4IKHbhyHEQ==}

  '@jridgewell/resolve-uri@3.1.2':
    resolution: {integrity: sha512-bRISgCIjP20/tbWSPWMEi54QVPRZExkuD9lJL+UIxUKtwVJA8wW1Trb1jMs1RFXo1CBTNZ/5hpC9QvmKWdopKw==}
    engines: {node: '>=6.0.0'}

  '@jridgewell/sourcemap-codec@1.5.5':
    resolution: {integrity: sha512-cYQ9310grqxueWbl+WuIUIaiUaDcj7WOq5fVhEljNVgRfOUhY9fy2zTvfoqWsnebh8Sl70VScFbICvJnLKB0Og==}

  '@jridgewell/trace-mapping@0.3.30':
    resolution: {integrity: sha512-GQ7Nw5G2lTu/BtHTKfXhKHok2WGetd4XYcVKGx00SjAk8GMwgJM3zr6zORiPGuOE+/vkc90KtTosSSvaCjKb2Q==}

  '@material/animation@14.0.0':
    resolution: {integrity: sha512-VlYSfUaIj/BBVtRZI8Gv0VvzikFf+XgK0Zdgsok5c1v5DDnNz5tpB8mnGrveWz0rHbp1X4+CWLKrTwNmjrw3Xw==}

  '@material/base@14.0.0':
    resolution: {integrity: sha512-Ou7vS7n1H4Y10MUZyYAbt6H0t67c6urxoCgeVT7M38aQlaNUwFMODp7KT/myjYz2YULfhu3PtfSV3Sltgac9mA==}

  '@material/button@14.0.0':
    resolution: {integrity: sha512-dqqHaJq0peyXBZupFzCjmvScrfljyVU66ZCS3oldsaaj5iz8sn33I/45Z4zPzdR5F5z8ExToHkRcXhakj1UEAA==}

  '@material/card@14.0.0':
    resolution: {integrity: sha512-SnpYWUrCb92meGYLXV7qa/k40gnHR6rPki6A1wz0OAyG2twY48f0HLscAqxBLvbbm1LuRaqjz0RLKGH3VzxZHw==}

  '@material/checkbox@14.0.0':
    resolution: {integrity: sha512-OoqwysCqvj1d0cRmEwVWPvg5OqYAiCFpE6Wng6me/Cahfe4xgRxSPa37WWqsClw20W7PG/5RrYRCBtc6bUUUZA==}

  '@material/circular-progress@14.0.0':
    resolution: {integrity: sha512-7EdkP6ty54g6qs6zzlsw29vWlUyrcSWr9b4pGGx4D/iNJww+eyxXZ07iWoNOr4uLgguauWEft2axpQiFCwFD0g==}

  '@material/density@14.0.0':
    resolution: {integrity: sha512-NlxXBV5XjNsKd8UXF4K/+fOXLxoFNecKbsaQO6O2u+iG8QBfFreKRmkhEBb2hPPwC3w8nrODwXX0lHV+toICQw==}

  '@material/dialog@14.0.0':
    resolution: {integrity: sha512-E07NEE4jP8jHaw/y2Il2R1a3f4wDFh2sgfCBtRO/Xh0xxJUMuQ7YXo/F3SAA8jfMbbkUv/PHdJUM3I3HmI9mAA==}

  '@material/dom@14.0.0':
    resolution: {integrity: sha512-8t88XyacclTj8qsIw9q0vEj4PI2KVncLoIsIMzwuMx49P2FZg6TsLjor262MI3Qs00UWAifuLMrhnOnfyrbe7Q==}

  '@material/drawer@14.0.0':
    resolution: {integrity: sha512-VPrxMIhbkXVbfH7aMFV+Um0tjOVrU/Y65X2hWsVdmjASadE8C5UYjIE3vjL1DM1M+zIa3qZZRUWqz0j1zqbr3w==}

  '@material/elevation@14.0.0':
    resolution: {integrity: sha512-Di3tkxTpXwvf1GJUmaC8rd+zVh5dB2SWMBGagL4+kT8UmjSISif/OPRGuGnXs3QhF6nmEjkdC0ijdZLcYQkepw==}

  '@material/feature-targeting@14.0.0':
    resolution: {integrity: sha512-a5WGgHEq5lJeeNL5yevtgoZjBjXWy6+klfVWQEh8oyix/rMJygGgO7gEc52uv8fB8uAIoYEB3iBMOv8jRq8FeA==}

  '@material/floating-label@14.0.0':
    resolution: {integrity: sha512-Aq8BboP1sbNnOtsV72AfaYirHyOrQ/GKFoLrZ1Jt+ZGIAuXPETcj9z7nQDznst0ZeKcz420PxNn9tsybTbeL/Q==}

  '@material/focus-ring@14.0.0':
    resolution: {integrity: sha512-fqqka6iSfQGJG3Le48RxPCtnOiaLGPDPikhktGbxlyW9srBVMgeCiONfHM7IT/1eu80O0Y67Lh/4ohu5+C+VAQ==}

  '@material/form-field@14.0.0':
    resolution: {integrity: sha512-k1GNBj6Sp8A7Xsn5lTMp5DkUkg60HX7YkQIRyFz1qCDCKJRWh/ou7Z45GMMgKmG3aF6LfjIavc7SjyCl8e5yVg==}

  '@material/icon-button@14.0.0':
    resolution: {integrity: sha512-wHMqzm7Q/UwbWLoWv32Li1r2iVYxadIrwTNxT0+p+7NdfI3lEwMN3NoB0CvoJnHTljjXDzce0KJ3nZloa0P0gA==}

  '@material/line-ripple@14.0.0':
    resolution: {integrity: sha512-Rx9eSnfp3FcsNz4O+fobNNq2PSm5tYHC3hRpY2ZK3ghTvgp3Y40/soaGEi/Vdg0F7jJXRaBSNOe6p5t9CVfy8Q==}

  '@material/list@14.0.0':
    resolution: {integrity: sha512-AFaBGV9vQyfnG8BT2R3UGVdF5w2SigQqBH+qbOSxQhk4BgVvhDfJUIKT415poLNMdnaDtcuYz+ZWvVNoRDaL7w==}

  '@material/menu-surface@14.0.0':
    resolution: {integrity: sha512-wRz3UCrhJ4kRrijJEbvIPRa0mqA5qkQmKXjBH4Xu1ApedZruP+OM3Qb2Bj4XugCA3eCXpiohg+gdyTAX3dVQyw==}

  '@material/menu@14.0.0':
    resolution: {integrity: sha512-oU6GjbYnkG6a5nX9HUSege5OQByf6yUteEij8fpf0ci3f5BWf/gr39dnQ+rfl+q119cW0WIEmVK2YJ/BFxMzEQ==}

  '@material/notched-outline@14.0.0':
    resolution: {integrity: sha512-6S58DlWmhCDr4RQF2RuwqANxlmLdHtWy2mF4JQLD9WOiCg4qY9eCQnMXu3Tbhr7f/nOZ0vzc7AtA3vfJoZmCSw==}

  '@material/progress-indicator@14.0.0':
    resolution: {integrity: sha512-09JRTuIySxs670Tcy4jVlqCUbyrO+Ad6z3nHnAi8pYl74duco4n/9jTROV0mlFdr9NIFifnd08lKbiFLDmfJGQ==}

  '@material/ripple@14.0.0':
    resolution: {integrity: sha512-9XoGBFd5JhFgELgW7pqtiLy+CnCIcV2s9cQ2BWbOQeA8faX9UZIDUx/g76nHLZ7UzKFtsULJxZTwORmsEt2zvw==}

  '@material/rtl@14.0.0':
    resolution: {integrity: sha512-xl6OZYyRjuiW2hmbjV2omMV8sQtfmKAjeWnD1RMiAPLCTyOW9Lh/PYYnXjxUrNa0cRwIIbOn5J7OYXokja8puA==}

  '@material/shape@14.0.0':
    resolution: {integrity: sha512-o0mJB0+feOv473KckI8gFnUo8IQAaEA6ynXzw3VIYFjPi48pJwrxa0mZcJP/OoTXrCbDzDeFJfDPXEmRioBb9A==}

  '@material/snackbar@14.0.0':
    resolution: {integrity: sha512-28uQBj9bw7BalNarK9j8/aVW4Ys5aRaGHoWH+CeYvAjqQUJkrYoqM52aiKhBwqrjBPMJHk1aXthe3YbzMBm6vA==}

  '@material/textfield@14.0.0':
    resolution: {integrity: sha512-HGbtAlvlIB2vWBq85yw5wQeeP3Kndl6Z0TJzQ6piVtcfdl2mPyWhuuVHQRRAOis3rCIaAAaxCQYYTJh8wIi0XQ==}

  '@material/theme@14.0.0':
    resolution: {integrity: sha512-6/SENWNIFuXzeHMPHrYwbsXKgkvCtWuzzQ3cUu4UEt3KcQ5YpViazIM6h8ByYKZP8A9d8QpkJ0WGX5btGDcVoA==}

  '@material/tokens@14.0.0':
    resolution: {integrity: sha512-SXgB9VwsKW4DFkHmJfDIS0x0cGdMWC1D06m6z/WQQ5P5j6/m0pKrbHVlrLzXcRjau+mFhXGvj/KyPo9Pp/Rc8Q==}

  '@material/tooltip@14.0.0':
    resolution: {integrity: sha512-rp7sOuVE1hmg4VgBJMnSvtDbSzctL42X7y1yv8ukuu40Sli+H5FT0Zbn351EfjJgQWg/AlXA6+reVXkXje8JzQ==}

  '@material/top-app-bar@14.0.0':
    resolution: {integrity: sha512-uPej5vHgZnlSB1+koiA9FnabXrHh3O/Npl2ifpUgDVwHDSOxKvLp2LNjyCO71co1QLNnNHIU0xXv3B97Gb0rpA==}

  '@material/touch-target@14.0.0':
    resolution: {integrity: sha512-o3kvxmS4HkmZoQTvtzLJrqSG+ezYXkyINm3Uiwio1PTg67pDgK5FRwInkz0VNaWPcw9+5jqjUQGjuZMtjQMq8w==}

  '@material/typography@14.0.0':
    resolution: {integrity: sha512-/QtHBYiTR+TPMryM/CT386B2WlAQf/Ae32V324Z7P40gHLKY/YBXx7FDutAWZFeOerq/two4Nd2aAHBcMM2wMw==}

  '@polka/url@1.0.0-next.29':
    resolution: {integrity: sha512-wwQAWhWSuHaag8c4q/KN/vCoeOJYshAIvMQwD4GpSb3OiZklFfvAgmj0VCBBImRpuF/aFgIRzllXlVX93Jevww==}

  '@rollup/rollup-android-arm-eabi@4.49.0':
    resolution: {integrity: sha512-rlKIeL854Ed0e09QGYFlmDNbka6I3EQFw7iZuugQjMb11KMpJCLPFL4ZPbMfaEhLADEL1yx0oujGkBQ7+qW3eA==}
    cpu: [arm]
    os: [android]

  '@rollup/rollup-android-arm64@4.49.0':
    resolution: {integrity: sha512-cqPpZdKUSQYRtLLr6R4X3sD4jCBO1zUmeo3qrWBCqYIeH8Q3KRL4F3V7XJ2Rm8/RJOQBZuqzQGWPjjvFUcYa/w==}
    cpu: [arm64]
    os: [android]

  '@rollup/rollup-darwin-arm64@4.49.0':
    resolution: {integrity: sha512-99kMMSMQT7got6iYX3yyIiJfFndpojBmkHfTc1rIje8VbjhmqBXE+nb7ZZP3A5skLyujvT0eIUCUsxAe6NjWbw==}
    cpu: [arm64]
    os: [darwin]

  '@rollup/rollup-darwin-x64@4.49.0':
    resolution: {integrity: sha512-y8cXoD3wdWUDpjOLMKLx6l+NFz3NlkWKcBCBfttUn+VGSfgsQ5o/yDUGtzE9HvsodkP0+16N0P4Ty1VuhtRUGg==}
    cpu: [x64]
    os: [darwin]

  '@rollup/rollup-freebsd-arm64@4.49.0':
    resolution: {integrity: sha512-3mY5Pr7qv4GS4ZvWoSP8zha8YoiqrU+e0ViPvB549jvliBbdNLrg2ywPGkgLC3cmvN8ya3za+Q2xVyT6z+vZqA==}
    cpu: [arm64]
    os: [freebsd]

  '@rollup/rollup-freebsd-x64@4.49.0':
    resolution: {integrity: sha512-C9KzzOAQU5gU4kG8DTk+tjdKjpWhVWd5uVkinCwwFub2m7cDYLOdtXoMrExfeBmeRy9kBQMkiyJ+HULyF1yj9w==}
    cpu: [x64]
    os: [freebsd]

  '@rollup/rollup-linux-arm-gnueabihf@4.49.0':
    resolution: {integrity: sha512-OVSQgEZDVLnTbMq5NBs6xkmz3AADByCWI4RdKSFNlDsYXdFtlxS59J+w+LippJe8KcmeSSM3ba+GlsM9+WwC1w==}
    cpu: [arm]
    os: [linux]

  '@rollup/rollup-linux-arm-musleabihf@4.49.0':
    resolution: {integrity: sha512-ZnfSFA7fDUHNa4P3VwAcfaBLakCbYaxCk0jUnS3dTou9P95kwoOLAMlT3WmEJDBCSrOEFFV0Y1HXiwfLYJuLlA==}
    cpu: [arm]
    os: [linux]

  '@rollup/rollup-linux-arm64-gnu@4.49.0':
    resolution: {integrity: sha512-Z81u+gfrobVK2iV7GqZCBfEB1y6+I61AH466lNK+xy1jfqFLiQ9Qv716WUM5fxFrYxwC7ziVdZRU9qvGHkYIJg==}
    cpu: [arm64]
    os: [linux]

  '@rollup/rollup-linux-arm64-musl@4.49.0':
    resolution: {integrity: sha512-zoAwS0KCXSnTp9NH/h9aamBAIve0DXeYpll85shf9NJ0URjSTzzS+Z9evmolN+ICfD3v8skKUPyk2PO0uGdFqg==}
    cpu: [arm64]
    os: [linux]

  '@rollup/rollup-linux-loongarch64-gnu@4.49.0':
    resolution: {integrity: sha512-2QyUyQQ1ZtwZGiq0nvODL+vLJBtciItC3/5cYN8ncDQcv5avrt2MbKt1XU/vFAJlLta5KujqyHdYtdag4YEjYQ==}
    cpu: [loong64]
    os: [linux]

  '@rollup/rollup-linux-ppc64-gnu@4.49.0':
    resolution: {integrity: sha512-k9aEmOWt+mrMuD3skjVJSSxHckJp+SiFzFG+v8JLXbc/xi9hv2icSkR3U7uQzqy+/QbbYY7iNB9eDTwrELo14g==}
    cpu: [ppc64]
    os: [linux]

  '@rollup/rollup-linux-riscv64-gnu@4.49.0':
    resolution: {integrity: sha512-rDKRFFIWJ/zJn6uk2IdYLc09Z7zkE5IFIOWqpuU0o6ZpHcdniAyWkwSUWE/Z25N/wNDmFHHMzin84qW7Wzkjsw==}
    cpu: [riscv64]
    os: [linux]

  '@rollup/rollup-linux-riscv64-musl@4.49.0':
    resolution: {integrity: sha512-FkkhIY/hYFVnOzz1WeV3S9Bd1h0hda/gRqvZCMpHWDHdiIHn6pqsY3b5eSbvGccWHMQ1uUzgZTKS4oGpykf8Tw==}
    cpu: [riscv64]
    os: [linux]

  '@rollup/rollup-linux-s390x-gnu@4.49.0':
    resolution: {integrity: sha512-gRf5c+A7QiOG3UwLyOOtyJMD31JJhMjBvpfhAitPAoqZFcOeK3Kc1Veg1z/trmt+2P6F/biT02fU19GGTS529A==}
    cpu: [s390x]
    os: [linux]

  '@rollup/rollup-linux-x64-gnu@4.49.0':
    resolution: {integrity: sha512-BR7+blScdLW1h/2hB/2oXM+dhTmpW3rQt1DeSiCP9mc2NMMkqVgjIN3DDsNpKmezffGC9R8XKVOLmBkRUcK/sA==}
    cpu: [x64]
    os: [linux]

  '@rollup/rollup-linux-x64-musl@4.49.0':
    resolution: {integrity: sha512-hDMOAe+6nX3V5ei1I7Au3wcr9h3ktKzDvF2ne5ovX8RZiAHEtX1A5SNNk4zt1Qt77CmnbqT+upb/umzoPMWiPg==}
    cpu: [x64]
    os: [linux]

  '@rollup/rollup-win32-arm64-msvc@4.49.0':
    resolution: {integrity: sha512-wkNRzfiIGaElC9kXUT+HLx17z7D0jl+9tGYRKwd8r7cUqTL7GYAvgUY++U2hK6Ar7z5Z6IRRoWC8kQxpmM7TDA==}
    cpu: [arm64]
    os: [win32]

  '@rollup/rollup-win32-ia32-msvc@4.49.0':
    resolution: {integrity: sha512-gq5aW/SyNpjp71AAzroH37DtINDcX1Qw2iv9Chyz49ZgdOP3NV8QCyKZUrGsYX9Yyggj5soFiRCgsL3HwD8TdA==}
    cpu: [ia32]
    os: [win32]

  '@rollup/rollup-win32-x64-msvc@4.49.0':
    resolution: {integrity: sha512-gEtqFbzmZLFk2xKh7g0Rlo8xzho8KrEFEkzvHbfUGkrgXOpZ4XagQ6n+wIZFNh1nTb8UD16J4nFSFKXYgnbdBg==}
    cpu: [x64]
    os: [win32]

  '@smui/button@8.0.3':
    resolution: {integrity: sha512-nGU2k0jNBDQcDIGW97xWxX7k0QzXeBoCl3Ah1qxPqR/pR8Q0927zOJTAhL6TMeiLnythoyVZOKkQVHX9Vb0mRg==}

  '@smui/card@8.0.3':
    resolution: {integrity: sha512-eO6U5Ch++yCtrOdn/sPbuogGjl6Gq4c36aWC4Ty0IIp5E6fcLEHBOa+0gisFJ1YTyS0SNKMBd1Nbj7xVbC7YLQ==}

  '@smui/checkbox@8.0.3':
    resolution: {integrity: sha512-mIJiICSbTGTDO2MZzZ4Fr5VkqzOJSN3pz2QbgTQQWHjlFJHXGot0Km7ClCQHpjUtrOW3HUmsIfaeufE6CVrrCw==}

  '@smui/circular-progress@8.0.3':
    resolution: {integrity: sha512-K2OZL3oV4D7rCwxnikEVZn0tgnKc875He+WXTZrCYaL3VhON6XijX8xzZCbLbT8V7A72MR/fBtnP7S25yYirUA==}

  '@smui/common@8.0.3':
    resolution: {integrity: sha512-Zgsp8KE4NH0+eLihHdhxYSzbV8M2w0B53BnM+5WvEEEJWzHcKhpvYNHTT6tG909IsIrU7uNNVJosNIw7leU8Wg==}

  '@smui/dialog@8.0.3':
    resolution: {integrity: sha512-CXHzsoqzE2e7cf1m8mtEGDiYvMKpzNQfEJUe6zD4EtOBpQ8+TUk7dW4ZRpg2yYV/uDxe1XdVizHJnsHVIzTJFA==}

  '@smui/drawer@8.0.3':
    resolution: {integrity: sha512-6EfVyhefzg4jzpv2p/1Ub3RPo0JkwZ+UVPB0ejtEybb7WfXDPW6tup0zERm6lz3GG6r3kVWpPTU89mrbmwkUNA==}

  '@smui/floating-label@8.0.3':
    resolution: {integrity: sha512-rwAIsa4woLxgqz/QMs1ssKk/khJqTC3HFk8Gyy9bX6SEAM9sB1jEoIoCbvUeLOyMHLLibugiL0jcTRp8Igp83g==}

  '@smui/form-field@8.0.3':
    resolution: {integrity: sha512-CqFvsIjR5dl83/9YknflmgW8FrEXdE0sCFp6yeUuPDoaqtV2IFd/6wJmaH2M/hGgWk+fnjk4Tu+KmAOyXEa72g==}

  '@smui/icon-button@8.0.3':
    resolution: {integrity: sha512-ehE6YJqMIsWoMBLUXfLc1W5D2Z4EYxTTWbFVVYR0USDe4NpNFZGOQW+QA0l5HHnRIXWsUrwS/DwD7t7Q6SCJDw==}

  '@smui/line-ripple@8.0.3':
    resolution: {integrity: sha512-rwSFYag9FCf5HIAldk1dXspMrIExOe5nnb+iEPGQKjsf13R25aJA/CijYdR60cPPILLu5QB8OVHOKHLEnN1lWg==}

  '@smui/list@8.0.3':
    resolution: {integrity: sha512-9ZMw+1GFp19TjD76AvDMjAu/lIngU+HIQIEDC76sVSJfdRRGRaUwWCM8H4qwz5vnpvEiD91Sw4aRqVlYMtSu9g==}

  '@smui/menu-surface@8.0.3':
    resolution: {integrity: sha512-3D86+7GoQSTtnSP2S2Cl6Us9D51jpbcalNBfmMJtujY8FnFdoOCrQomBqtZ5o1EAXZUPIwiii+j+czPorMXpKQ==}

  '@smui/menu@8.0.3':
    resolution: {integrity: sha512-I7+SRTXMq+1O052GMS2Xhkd1fOxYk7oF8nASQr8+2bpfMwMJxh1QNXDIaLX2Tymf79QpA/N0AP0D662jvvkIjQ==}

  '@smui/notched-outline@8.0.3':
    resolution: {integrity: sha512-LTTPHGGg8RyF8spoeExk5MgwhQTvKd5TB28mneRR8PeFpSH3v144bH3v205QdMmJhipCX7gbu3tX2+SJcTfTxw==}

  '@smui/ripple@8.0.3':
    resolution: {integrity: sha512-K3dPwoMaSFFNTlQ0/iaGqY3mn6L1TXG6awmovlgX0SmrgRr9WUg+23xIdlxbWVGHihC2ZlJ4qczn7fA9XTRsEA==}

  '@smui/snackbar@8.0.3':
    resolution: {integrity: sha512-aMxAjVnxUG4R2xT4eghsA0WEB5yTF+v/Xozzd8Wfeq5tUdZtUexqWkFajRyK1Yg25GuHzc2rS9Pt/MYpX5jc0w==}

  '@smui/textfield@8.0.3':
    resolution: {integrity: sha512-YwimDSJi8TlQ+xlMgTa7ONnzlF/pKvrhie7B85Qr1RwRr2Zu8MtSjcDEHSyKFVaG9pLxsg4BfpTia/SV/LlieA==}

  '@smui/tooltip@8.0.3':
    resolution: {integrity: sha512-GqjyEmpSZiXZswmWM5L7x63KrdBMEMOGmrV0nN4c4E97a9A2Mc2ShS9iBjrrS/X2xyqfLmxB/Egzrqx93wcKwA==}

  '@smui/top-app-bar@8.0.3':
    resolution: {integrity: sha512-V7EALHZj1KSC5jVtsE4PmljaM7H9YucPmF9LWu8YQ6mfJlmoCXQhdJ1xFJCEv5tbTUTdSY+txkhDfgDyc89OvQ==}

  '@standard-schema/spec@1.0.0':
    resolution: {integrity: sha512-m2bOd0f2RT9k8QJx1JN85cZYyH1RqFBdlwtkSlf4tBDYLCiiZnv1fIIwacK6cqwXavOydf0NPToMQgpKq+dVlA==}

  '@sveltejs/acorn-typescript@1.0.5':
    resolution: {integrity: sha512-IwQk4yfwLdibDlrXVE04jTZYlLnwsTT2PIOQQGNLWfjavGifnk1JD1LcZjZaBTRcxZu2FfPfNLOE04DSu9lqtQ==}
    peerDependencies:
      acorn: ^8.9.0

  '@sveltejs/adapter-auto@3.3.1':
    resolution: {integrity: sha512-5Sc7WAxYdL6q9j/+D0jJKjGREGlfIevDyHSQ2eNETHcB1TKlQWHcAo8AS8H1QdjNvSXpvOwNjykDUHPEAyGgdQ==}
    peerDependencies:
      '@sveltejs/kit': ^2.0.0

  '@sveltejs/kit@2.37.0':
    resolution: {integrity: sha512-xgKtpjQ6Ry4mdShd01ht5AODUsW7+K1iValPDq7QX8zI1hWOKREH9GjG8SRCN5tC4K7UXmMhuQam7gbLByVcnw==}
    engines: {node: '>=18.13'}
    hasBin: true
    peerDependencies:
      '@opentelemetry/api': ^1.0.0
      '@sveltejs/vite-plugin-svelte': ^3.0.0 || ^4.0.0-next.1 || ^5.0.0 || ^6.0.0-next.0
      svelte: ^4.0.0 || ^5.0.0-next.0
      vite: ^5.0.3 || ^6.0.0 || ^7.0.0-beta.0
    peerDependenciesMeta:
      '@opentelemetry/api':
        optional: true

  '@sveltejs/vite-plugin-svelte-inspector@3.0.1':
    resolution: {integrity: sha512-2CKypmj1sM4GE7HjllT7UKmo4Q6L5xFRd7VMGEWhYnZ+wc6AUVU01IBd7yUi6WnFndEwWoMNOd6e8UjoN0nbvQ==}
    engines: {node: ^18.0.0 || ^20.0.0 || >=22}
    peerDependencies:
      '@sveltejs/vite-plugin-svelte': ^4.0.0-next.0||^4.0.0
      svelte: ^5.0.0-next.96 || ^5.0.0
      vite: ^5.0.0

  '@sveltejs/vite-plugin-svelte@4.0.4':
    resolution: {integrity: sha512-0ba1RQ/PHen5FGpdSrW7Y3fAMQjrXantECALeOiOdBdzR5+5vPP6HVZRLmZaQL+W8m++o+haIAKq5qT+MiZ7VA==}
    engines: {node: ^18.0.0 || ^20.0.0 || >=22}
    peerDependencies:
      svelte: ^5.0.0-next.96 || ^5.0.0
      vite: ^5.0.0

  '@types/cookie@0.6.0':
    resolution: {integrity: sha512-4Kh9a6B2bQciAhf7FSuMRRkUWecJgJu9nPnx3yzpsfXX/c50REIqpHY4C82bXP90qrLtXtkDxTZosYO3UpOwlA==}

  '@types/estree@1.0.8':
    resolution: {integrity: sha512-dWHzHa2WqEXI/O1E9OjrocMTKJl2mSrEolh1Iomrv6U+JuNwaHXsXx9bLu5gG7BUWFIN0skIQJQ/L1rIex4X6w==}

  acorn@8.15.0:
    resolution: {integrity: sha512-NZyJarBfL7nWwIq+FDL6Zp/yHEhePMNnnJ0y3qfieCrmNvYct8uvtiV41UvlSe6apAfk0fY1FbWx+NwfmpvtTg==}
    engines: {node: '>=0.4.0'}
    hasBin: true

  aria-query@5.3.2:
    resolution: {integrity: sha512-COROpnaoap1E2F000S62r6A60uHZnmlvomhfyT2DlTcrY1OrBKn2UhH7qn5wTC9zMvD0AY7csdPSNwKP+7WiQw==}
    engines: {node: '>= 0.4'}

  axobject-query@4.1.0:
    resolution: {integrity: sha512-qIj0G9wZbMGNLjLmg1PT6v2mE9AH2zlnADJD/2tC6E00hgmhUOfEB6greHPAfLRSufHqROIUTkw6E+M3lH0PTQ==}
    engines: {node: '>= 0.4'}

  clsx@2.1.1:
    resolution: {integrity: sha512-eYm0QWBtUrBWZWG0d386OGAw16Z995PiOVo2B7bjWSbHedGl5e0ZWaq65kOGgUSNesEIDkB9ISbTg/JK9dhCZA==}
    engines: {node: '>=6'}

  cookie@0.6.0:
    resolution: {integrity: sha512-U71cyTamuh1CRNCfpGY6to28lxvNwPG4Guz/EVjgf3Jmzv0vlDp1atT9eS5dDjMYHucpHbWns6Lwf3BKz6svdw==}
    engines: {node: '>= 0.6'}

  debug@4.4.1:
    resolution: {integrity: sha512-KcKCqiftBJcZr++7ykoDIEwSa3XWowTfNPo92BYxjXiyYEVrUQh2aLyhxBCwww+heortUFxEJYcRzosstTEBYQ==}
    engines: {node: '>=6.0'}
    peerDependencies:
      supports-color: '*'
    peerDependenciesMeta:
      supports-color:
        optional: true

  deepmerge@4.3.1:
    resolution: {integrity: sha512-3sUqbMEc77XqpdNO7FRyRog+eW3ph+GYCbj+rK+uYyRMuwsVy0rMiVtPn+QJlKFvWP/1PYpapqYn0Me2knFn+A==}
    engines: {node: '>=0.10.0'}

  devalue@5.3.2:
    resolution: {integrity: sha512-UDsjUbpQn9kvm68slnrs+mfxwFkIflOhkanmyabZ8zOYk8SMEIbJ3TK+88g70hSIeytu4y18f0z/hYHMTrXIWw==}

  esbuild@0.21.5:
    resolution: {integrity: sha512-mg3OPMV4hXywwpoDxu3Qda5xCKQi+vCTZq8S9J/EpkhB2HzKXq4SNFZE3+NK93JYxc8VMSep+lOUSC/RVKaBqw==}
    engines: {node: '>=12'}
    hasBin: true

  esm-env@1.2.2:
    resolution: {integrity: sha512-Epxrv+Nr/CaL4ZcFGPJIYLWFom+YeV1DqMLHJoEd9SYRxNbaFruBwfEX/kkHUJf55j2+TUbmDcmuilbP1TmXHA==}

  esrap@2.1.0:
    resolution: {integrity: sha512-yzmPNpl7TBbMRC5Lj2JlJZNPml0tzqoqP5B1JXycNUwtqma9AKCO0M2wHrdgsHcy1WRW7S9rJknAMtByg3usgA==}

  fsevents@2.3.3:
    resolution: {integrity: sha512-5xoDfX+fL7faATnagmWPpbFtwh/R77WmMMqqHGS65C3vvB0YHrgF+B1YmZ3441tMj5n63k0212XNoJwzlhffQw==}
    engines: {node: ^8.16.0 || ^10.6.0 || >=11.0.0}
    os: [darwin]

  import-meta-resolve@4.2.0:
    resolution: {integrity: sha512-Iqv2fzaTQN28s/FwZAoFq0ZSs/7hMAHJVX+w8PZl3cY19Pxk6jFFalxQoIfW2826i/fDLXv8IiEZRIT0lDuWcg==}

  is-reference@3.0.3:
    resolution: {integrity: sha512-ixkJoqQvAP88E6wLydLGGqCJsrFUnqoH6HnaczB8XmDH1oaWU+xxdptvikTgaEhtZ53Ky6YXiBuUI2WXLMCwjw==}

  kleur@4.1.5:
    resolution: {integrity: sha512-o+NO+8WrRiQEE4/7nwRJhN1HWpVmJm511pBHUxPLtp0BUISzlBplORYSmTclCnJvQq2tKu/sgl3xVpkc7ZWuQQ==}
    engines: {node: '>=6'}

  locate-character@3.0.0:
    resolution: {integrity: sha512-SW13ws7BjaeJ6p7Q6CO2nchbYEc3X3J6WrmTTDto7yMPqVSZTUyY5Tjbid+Ab8gLnATtygYtiDIJGQRRn2ZOiA==}

  magic-string@0.30.18:
    resolution: {integrity: sha512-yi8swmWbO17qHhwIBNeeZxTceJMeBvWJaId6dyvTSOwTipqeHhMhOrz6513r1sOKnpvQ7zkhlG8tPrpilwTxHQ==}

  mri@1.2.0:
    resolution: {integrity: sha512-tzzskb3bG8LvYGFF/mDTpq3jpI6Q9wc3LEmBaghu+DdCssd1FakN7Bc0hVNmEyGq1bq3RgfkCb3cmQLpNPOroA==}
    engines: {node: '>=4'}

  mrmime@2.0.1:
    resolution: {integrity: sha512-Y3wQdFg2Va6etvQ5I82yUhGdsKrcYox6p7FfL1LbK2J4V01F9TGlepTIhnK24t7koZibmg82KGglhA1XK5IsLQ==}
    engines: {node: '>=10'}

  ms@2.1.3:
    resolution: {integrity: sha512-6FlzubTLZG3J2a/NVCAleEhjzq5oxgHyaCU9yYXvcLsvoVaHJq/s5xXI6/XXP6tz7R9xAOtHnSO/tXtF3WRTlA==}

  nanoid@3.3.11:
    resolution: {integrity: sha512-N8SpfPUnUp1bK+PMYW8qSWdl9U+wwNWI4QKxOYDy9JAro3WMX7p2OeVRF9v+347pnakNevPmiHhNmZ2HbFA76w==}
    engines: {node: ^10 || ^12 || ^13.7 || ^14 || >=15.0.1}
    hasBin: true

  picocolors@1.1.1:
    resolution: {integrity: sha512-xceH2snhtb5M9liqDsmEw56le376mTZkEX/jEb/RxNFyegNul7eNslCXP9FDj/Lcu0X8KEyMceP2ntpaHrDEVA==}

  postcss@8.5.6:
    resolution: {integrity: sha512-3Ybi1tAuwAP9s0r1UQ2J4n5Y0G05bJkpUIO0/bI9MhwmD70S5aTWbXGBwxHrelT+XM1k6dM0pk+SwNkpTRN7Pg==}
    engines: {node: ^10 || ^12 || >=14}

  rollup@4.49.0:
    resolution: {integrity: sha512-3IVq0cGJ6H7fKXXEdVt+RcYvRCt8beYY9K1760wGQwSAHZcS9eot1zDG5axUbcp/kWRi5zKIIDX8MoKv/TzvZA==}
    engines: {node: '>=18.0.0', npm: '>=8.0.0'}
    hasBin: true

  sade@1.8.1:
    resolution: {integrity: sha512-xal3CZX1Xlo/k4ApwCFrHVACi9fBqJ7V+mwhBsuf/1IOKbBy098Fex+Wa/5QMubw09pSZ/u8EY8PWgevJsXp1A==}
    engines: {node: '>=6'}

  set-cookie-parser@2.7.1:
    resolution: {integrity: sha512-IOc8uWeOZgnb3ptbCURJWNjWUPcO3ZnTTdzsurqERrP6nPyv+paC55vJM0LpOlT2ne+Ix+9+CRG1MNLlyZ4GjQ==}

  sirv@3.0.1:
    resolution: {integrity: sha512-FoqMu0NCGBLCcAkS1qA+XJIQTR6/JHfQXl+uGteNCQ76T91DMUjPa9xfmeqMY3z80nLSg9yQmNjK0Px6RWsH/A==}
    engines: {node: '>=18'}

  source-map-js@1.2.1:
    resolution: {integrity: sha512-UXWMKhLOwVKb728IUtQPXxfYU+usdybtUrK/8uGE8CQMvrhOpwvzDBwj0QhSL7MQc7vIsISBG8VQ8+IDQxpfQA==}
    engines: {node: '>=0.10.0'}

  svelte@5.38.6:
    resolution: {integrity: sha512-ltBPlkvqk3bgCK7/N323atUpP3O3Y+DrGV4dcULrsSn4fZaaNnOmdplNznwfdWclAgvSr5rxjtzn/zJhRm6TKg==}
    engines: {node: '>=18'}

  totalist@3.0.1:
    resolution: {integrity: sha512-sf4i37nQ2LBx4m3wB74y+ubopq6W/dIzXg0FDGjsYnZHVa1Da8FH853wlL2gtUhg+xJXjfk3kUZS3BRoQeoQBQ==}
    engines: {node: '>=6'}

  tslib@2.8.1:
    resolution: {integrity: sha512-oJFu94HQb+KVduSUQL7wnpmqnfmLsOA/nAh6b6EH0wCEoK0/mPeXU6c3wKDV83MkOuHPRHtSXKKU99IBazS/2w==}

  typescript@5.9.2:
    resolution: {integrity: sha512-CWBzXQrc/qOkhidw1OzBTQuYRbfyxDXJMVJ1XNwUHGROVmuaeiEm3OslpZ1RV96d7SKKjZKrSJu3+t/xlw3R9A==}
    engines: {node: '>=14.17'}
    hasBin: true

  vite@5.4.19:
    resolution: {integrity: sha512-qO3aKv3HoQC8QKiNSTuUM1l9o/XX3+c+VTgLHbJWHZGeTPVAg2XwazI9UWzoxjIJCGCV2zU60uqMzjeLZuULqA==}
    engines: {node: ^18.0.0 || >=20.0.0}
    hasBin: true
    peerDependencies:
      '@types/node': ^18.0.0 || >=20.0.0
      less: '*'
      lightningcss: ^1.21.0
      sass: '*'
      sass-embedded: '*'
      stylus: '*'
      sugarss: '*'
      terser: ^5.4.0
    peerDependenciesMeta:
      '@types/node':
        optional: true
      less:
        optional: true
      lightningcss:
        optional: true
      sass:
        optional: true
      sass-embedded:
        optional: true
      stylus:
        optional: true
      sugarss:
        optional: true
      terser:
        optional: true

  vitefu@1.1.1:
    resolution: {integrity: sha512-B/Fegf3i8zh0yFbpzZ21amWzHmuNlLlmJT6n7bu5e+pCHUKQIfXSYokrqOBGEMMe9UG2sostKQF9mml/vYaWJQ==}
    peerDependencies:
      vite: ^3.0.0 || ^4.0.0 || ^5.0.0 || ^6.0.0 || ^7.0.0-beta.0
    peerDependenciesMeta:
      vite:
        optional: true

  zimmerframe@1.1.2:
    resolution: {integrity: sha512-rAbqEGa8ovJy4pyBxZM70hg4pE6gDgaQ0Sl9M3enG3I0d6H4XSAM3GeNGLKnsBpuijUow064sf7ww1nutC5/3w==}

snapshots:

  '@esbuild/aix-ppc64@0.21.5':
    optional: true

  '@esbuild/android-arm64@0.21.5':
    optional: true

  '@esbuild/android-arm@0.21.5':
    optional: true

  '@esbuild/android-x64@0.21.5':
    optional: true

  '@esbuild/darwin-arm64@0.21.5':
    optional: true

  '@esbuild/darwin-x64@0.21.5':
    optional: true

  '@esbuild/freebsd-arm64@0.21.5':
    optional: true

  '@esbuild/freebsd-x64@0.21.5':
    optional: true

  '@esbuild/linux-arm64@0.21.5':
    optional: true

  '@esbuild/linux-arm@0.21.5':
    optional: true

  '@esbuild/linux-ia32@0.21.5':
    optional: true

  '@esbuild/linux-loong64@0.21.5':
    optional: true

  '@esbuild/linux-mips64el@0.21.5':
    optional: true

  '@esbuild/linux-ppc64@0.21.5':
    optional: true

  '@esbuild/linux-riscv64@0.21.5':
    optional: true

  '@esbuild/linux-s390x@0.21.5':
    optional: true

  '@esbuild/linux-x64@0.21.5':
    optional: true

  '@esbuild/netbsd-x64@0.21.5':
    optional: true

  '@esbuild/openbsd-x64@0.21.5':
    optional: true

  '@esbuild/sunos-x64@0.21.5':
    optional: true

  '@esbuild/win32-arm64@0.21.5':
    optional: true

  '@esbuild/win32-ia32@0.21.5':
    optional: true

  '@esbuild/win32-x64@0.21.5':
    optional: true

  '@jridgewell/gen-mapping@0.3.13':
    dependencies:
      '@jridgewell/sourcemap-codec': 1.5.5
      '@jridgewell/trace-mapping': 0.3.30

  '@jridgewell/remapping@2.3.5':
    dependencies:
      '@jridgewell/gen-mapping': 0.3.13
      '@jridgewell/trace-mapping': 0.3.30

  '@jridgewell/resolve-uri@3.1.2': {}

  '@jridgewell/sourcemap-codec@1.5.5': {}

  '@jridgewell/trace-mapping@0.3.30':
    dependencies:
      '@jridgewell/resolve-uri': 3.1.2
      '@jridgewell/sourcemap-codec': 1.5.5

  '@material/animation@14.0.0':
    dependencies:
      tslib: 2.8.1

  '@material/base@14.0.0':
    dependencies:
      tslib: 2.8.1

  '@material/button@14.0.0':
    dependencies:
      '@material/density': 14.0.0
      '@material/dom': 14.0.0
      '@material/elevation': 14.0.0
      '@material/feature-targeting': 14.0.0
      '@material/focus-ring': 14.0.0
      '@material/ripple': 14.0.0
      '@material/rtl': 14.0.0
      '@material/shape': 14.0.0
      '@material/theme': 14.0.0
      '@material/tokens': 14.0.0
      '@material/touch-target': 14.0.0
      '@material/typography': 14.0.0
      tslib: 2.8.1

  '@material/card@14.0.0':
    dependencies:
      '@material/dom': 14.0.0
      '@material/elevation': 14.0.0
      '@material/feature-targeting': 14.0.0
      '@material/ripple': 14.0.0
      '@material/rtl': 14.0.0
      '@material/shape': 14.0.0
      '@material/theme': 14.0.0
      tslib: 2.8.1

  '@material/checkbox@14.0.0':
    dependencies:
      '@material/animation': 14.0.0
      '@material/base': 14.0.0
      '@material/density': 14.0.0
      '@material/dom': 14.0.0
      '@material/feature-targeting': 14.0.0
      '@material/focus-ring': 14.0.0
      '@material/ripple': 14.0.0
      '@material/theme': 14.0.0
      '@material/touch-target': 14.0.0
      tslib: 2.8.1

  '@material/circular-progress@14.0.0':
    dependencies:
      '@material/animation': 14.0.0
      '@material/base': 14.0.0
      '@material/feature-targeting': 14.0.0
      '@material/progress-indicator': 14.0.0
      '@material/rtl': 14.0.0
      '@material/theme': 14.0.0
      tslib: 2.8.1

  '@material/density@14.0.0':
    dependencies:
      tslib: 2.8.1

  '@material/dialog@14.0.0':
    dependencies:
      '@material/animation': 14.0.0
      '@material/base': 14.0.0
      '@material/button': 14.0.0
      '@material/dom': 14.0.0
      '@material/elevation': 14.0.0
      '@material/feature-targeting': 14.0.0
      '@material/icon-button': 14.0.0
      '@material/ripple': 14.0.0
      '@material/rtl': 14.0.0
      '@material/shape': 14.0.0
      '@material/theme': 14.0.0
      '@material/tokens': 14.0.0
      '@material/touch-target': 14.0.0
      '@material/typography': 14.0.0
      tslib: 2.8.1

  '@material/dom@14.0.0':
    dependencies:
      '@material/feature-targeting': 14.0.0
      tslib: 2.8.1

  '@material/drawer@14.0.0':
    dependencies:
      '@material/animation': 14.0.0
      '@material/base': 14.0.0
      '@material/dom': 14.0.0
      '@material/elevation': 14.0.0
      '@material/feature-targeting': 14.0.0
      '@material/list': 14.0.0
      '@material/ripple': 14.0.0
      '@material/rtl': 14.0.0
      '@material/shape': 14.0.0
      '@material/theme': 14.0.0
      '@material/typography': 14.0.0
      tslib: 2.8.1

  '@material/elevation@14.0.0':
    dependencies:
      '@material/animation': 14.0.0
      '@material/base': 14.0.0
      '@material/feature-targeting': 14.0.0
      '@material/rtl': 14.0.0
      '@material/theme': 14.0.0
      tslib: 2.8.1

  '@material/feature-targeting@14.0.0':
    dependencies:
      tslib: 2.8.1

  '@material/floating-label@14.0.0':
    dependencies:
      '@material/animation': 14.0.0
      '@material/base': 14.0.0
      '@material/dom': 14.0.0
      '@material/feature-targeting': 14.0.0
      '@material/rtl': 14.0.0
      '@material/theme': 14.0.0
      '@material/typography': 14.0.0
      tslib: 2.8.1

  '@material/focus-ring@14.0.0':
    dependencies:
      '@material/dom': 14.0.0
      '@material/feature-targeting': 14.0.0
      '@material/rtl': 14.0.0

  '@material/form-field@14.0.0':
    dependencies:
      '@material/base': 14.0.0
      '@material/feature-targeting': 14.0.0
      '@material/ripple': 14.0.0
      '@material/rtl': 14.0.0
      '@material/theme': 14.0.0
      '@material/typography': 14.0.0
      tslib: 2.8.1

  '@material/icon-button@14.0.0':
    dependencies:
      '@material/base': 14.0.0
      '@material/density': 14.0.0
      '@material/dom': 14.0.0
      '@material/elevation': 14.0.0
      '@material/feature-targeting': 14.0.0
      '@material/focus-ring': 14.0.0
      '@material/ripple': 14.0.0
      '@material/rtl': 14.0.0
      '@material/theme': 14.0.0
      '@material/touch-target': 14.0.0
      tslib: 2.8.1

  '@material/line-ripple@14.0.0':
    dependencies:
      '@material/animation': 14.0.0
      '@material/base': 14.0.0
      '@material/feature-targeting': 14.0.0
      '@material/theme': 14.0.0
      tslib: 2.8.1

  '@material/list@14.0.0':
    dependencies:
      '@material/base': 14.0.0
      '@material/density': 14.0.0
      '@material/dom': 14.0.0
      '@material/feature-targeting': 14.0.0
      '@material/ripple': 14.0.0
      '@material/rtl': 14.0.0
      '@material/shape': 14.0.0
      '@material/theme': 14.0.0
      '@material/typography': 14.0.0
      tslib: 2.8.1

  '@material/menu-surface@14.0.0':
    dependencies:
      '@material/animation': 14.0.0
      '@material/base': 14.0.0
      '@material/elevation': 14.0.0
      '@material/feature-targeting': 14.0.0
      '@material/rtl': 14.0.0
      '@material/shape': 14.0.0
      '@material/theme': 14.0.0
      tslib: 2.8.1

  '@material/menu@14.0.0':
    dependencies:
      '@material/base': 14.0.0
      '@material/dom': 14.0.0
      '@material/elevation': 14.0.0
      '@material/feature-targeting': 14.0.0
      '@material/list': 14.0.0
      '@material/menu-surface': 14.0.0
      '@material/ripple': 14.0.0
      '@material/rtl': 14.0.0
      '@material/theme': 14.0.0
      tslib: 2.8.1

  '@material/notched-outline@14.0.0':
    dependencies:
      '@material/base': 14.0.0
      '@material/feature-targeting': 14.0.0
      '@material/floating-label': 14.0.0
      '@material/rtl': 14.0.0
      '@material/shape': 14.0.0
      '@material/theme': 14.0.0
      tslib: 2.8.1

  '@material/progress-indicator@14.0.0':
    dependencies:
      tslib: 2.8.1

  '@material/ripple@14.0.0':
    dependencies:
      '@material/animation': 14.0.0
      '@material/base': 14.0.0
      '@material/dom': 14.0.0
      '@material/feature-targeting': 14.0.0
      '@material/rtl': 14.0.0
      '@material/theme': 14.0.0
      tslib: 2.8.1

  '@material/rtl@14.0.0':
    dependencies:
      '@material/theme': 14.0.0
      tslib: 2.8.1

  '@material/shape@14.0.0':
    dependencies:
      '@material/feature-targeting': 14.0.0
      '@material/rtl': 14.0.0
      '@material/theme': 14.0.0
      tslib: 2.8.1

  '@material/snackbar@14.0.0':
    dependencies:
      '@material/animation': 14.0.0
      '@material/base': 14.0.0
      '@material/button': 14.0.0
      '@material/dom': 14.0.0
      '@material/elevation': 14.0.0
      '@material/feature-targeting': 14.0.0
      '@material/icon-button': 14.0.0
      '@material/ripple': 14.0.0
      '@material/rtl': 14.0.0
      '@material/shape': 14.0.0
      '@material/theme': 14.0.0
      '@material/typography': 14.0.0
      tslib: 2.8.1

  '@material/textfield@14.0.0':
    dependencies:
      '@material/animation': 14.0.0
      '@material/base': 14.0.0
      '@material/density': 14.0.0
      '@material/dom': 14.0.0
      '@material/feature-targeting': 14.0.0
      '@material/floating-label': 14.0.0
      '@material/line-ripple': 14.0.0
      '@material/notched-outline': 14.0.0
      '@material/ripple': 14.0.0
      '@material/rtl': 14.0.0
      '@material/shape': 14.0.0
      '@material/theme': 14.0.0
      '@material/tokens': 14.0.0
      '@material/typography': 14.0.0
      tslib: 2.8.1

  '@material/theme@14.0.0':
    dependencies:
      '@material/feature-targeting': 14.0.0
      tslib: 2.8.1

  '@material/tokens@14.0.0':
    dependencies:
      '@material/elevation': 14.0.0

  '@material/tooltip@14.0.0':
    dependencies:
      '@material/animation': 14.0.0
      '@material/base': 14.0.0
      '@material/dom': 14.0.0
      '@material/elevation': 14.0.0
      '@material/feature-targeting': 14.0.0
      '@material/rtl': 14.0.0
      '@material/shape': 14.0.0
      '@material/theme': 14.0.0
      '@material/typography': 14.0.0
      tslib: 2.8.1

  '@material/top-app-bar@14.0.0':
    dependencies:
      '@material/animation': 14.0.0
      '@material/base': 14.0.0
      '@material/elevation': 14.0.0
      '@material/ripple': 14.0.0
      '@material/rtl': 14.0.0
      '@material/shape': 14.0.0
      '@material/theme': 14.0.0
      '@material/typography': 14.0.0
      tslib: 2.8.1

  '@material/touch-target@14.0.0':
    dependencies:
      '@material/base': 14.0.0
      '@material/feature-targeting': 14.0.0
      '@material/rtl': 14.0.0
      tslib: 2.8.1

  '@material/typography@14.0.0':
    dependencies:
      '@material/feature-targeting': 14.0.0
      '@material/theme': 14.0.0
      tslib: 2.8.1

  '@polka/url@1.0.0-next.29': {}

  '@rollup/rollup-android-arm-eabi@4.49.0':
    optional: true

  '@rollup/rollup-android-arm64@4.49.0':
    optional: true

  '@rollup/rollup-darwin-arm64@4.49.0':
    optional: true

  '@rollup/rollup-darwin-x64@4.49.0':
    optional: true

  '@rollup/rollup-freebsd-arm64@4.49.0':
    optional: true

  '@rollup/rollup-freebsd-x64@4.49.0':
    optional: true

  '@rollup/rollup-linux-arm-gnueabihf@4.49.0':
    optional: true

  '@rollup/rollup-linux-arm-musleabihf@4.49.0':
    optional: true

  '@rollup/rollup-linux-arm64-gnu@4.49.0':
    optional: true

  '@rollup/rollup-linux-arm64-musl@4.49.0':
    optional: true

  '@rollup/rollup-linux-loongarch64-gnu@4.49.0':
    optional: true

  '@rollup/rollup-linux-ppc64-gnu@4.49.0':
    optional: true

  '@rollup/rollup-linux-riscv64-gnu@4.49.0':
    optional: true

  '@rollup/rollup-linux-riscv64-musl@4.49.0':
    optional: true

  '@rollup/rollup-linux-s390x-gnu@4.49.0':
    optional: true

  '@rollup/rollup-linux-x64-gnu@4.49.0':
    optional: true

  '@rollup/rollup-linux-x64-musl@4.49.0':
    optional: true

  '@rollup/rollup-win32-arm64-msvc@4.49.0':
    optional: true

  '@rollup/rollup-win32-ia32-msvc@4.49.0':
    optional: true

  '@rollup/rollup-win32-x64-msvc@4.49.0':
    optional: true

  '@smui/button@8.0.3':
    dependencies:
      '@material/button': 14.0.0
      '@material/elevation': 14.0.0
      '@material/feature-targeting': 14.0.0
      '@material/ripple': 14.0.0
      '@material/shape': 14.0.0
      '@material/theme': 14.0.0
      '@smui/common': 8.0.3
      '@smui/ripple': 8.0.3

  '@smui/card@8.0.3':
    dependencies:
      '@material/card': 14.0.0
      '@smui/button': 8.0.3
      '@smui/common': 8.0.3
      '@smui/icon-button': 8.0.3
      '@smui/ripple': 8.0.3

  '@smui/checkbox@8.0.3':
    dependencies:
      '@material/checkbox': 14.0.0
      '@smui/common': 8.0.3
      '@smui/ripple': 8.0.3

  '@smui/circular-progress@8.0.3':
    dependencies:
      '@material/circular-progress': 14.0.0
      '@smui/common': 8.0.3

  '@smui/common@8.0.3':
    dependencies:
      '@material/dom': 14.0.0

  '@smui/dialog@8.0.3':
    dependencies:
      '@material/button': 14.0.0
      '@material/dialog': 14.0.0
      '@material/dom': 14.0.0
      '@smui/common': 8.0.3

  '@smui/drawer@8.0.3':
    dependencies:
      '@material/dom': 14.0.0
      '@material/drawer': 14.0.0
      '@smui/common': 8.0.3

  '@smui/floating-label@8.0.3':
    dependencies:
      '@material/floating-label': 14.0.0
      '@smui/common': 8.0.3

  '@smui/form-field@8.0.3':
    dependencies:
      '@material/feature-targeting': 14.0.0
      '@material/form-field': 14.0.0
      '@material/rtl': 14.0.0
      '@smui/common': 8.0.3

  '@smui/icon-button@8.0.3':
    dependencies:
      '@material/density': 14.0.0
      '@material/icon-button': 14.0.0
      '@smui/common': 8.0.3
      '@smui/ripple': 8.0.3

  '@smui/line-ripple@8.0.3':
    dependencies:
      '@material/line-ripple': 14.0.0
      '@smui/common': 8.0.3

  '@smui/list@8.0.3':
    dependencies:
      '@material/dom': 14.0.0
      '@material/feature-targeting': 14.0.0
      '@material/list': 14.0.0
      '@smui/common': 8.0.3
      '@smui/ripple': 8.0.3

  '@smui/menu-surface@8.0.3':
    dependencies:
      '@material/animation': 14.0.0
      '@material/menu-surface': 14.0.0
      '@smui/common': 8.0.3

  '@smui/menu@8.0.3':
    dependencies:
      '@material/dom': 14.0.0
      '@material/menu': 14.0.0
      '@smui/common': 8.0.3
      '@smui/list': 8.0.3
      '@smui/menu-surface': 8.0.3

  '@smui/notched-outline@8.0.3':
    dependencies:
      '@material/notched-outline': 14.0.0
      '@smui/common': 8.0.3
      '@smui/floating-label': 8.0.3

  '@smui/ripple@8.0.3':
    dependencies:
      '@material/dom': 14.0.0
      '@material/ripple': 14.0.0
      '@smui/common': 8.0.3

  '@smui/snackbar@8.0.3':
    dependencies:
      '@material/dom': 14.0.0
      '@material/feature-targeting': 14.0.0
      '@material/snackbar': 14.0.0
      '@smui/button': 8.0.3
      '@smui/common': 8.0.3
      '@smui/icon-button': 8.0.3
      '@smui/ripple': 8.0.3

  '@smui/textfield@8.0.3':
    dependencies:
      '@material/dom': 14.0.0
      '@material/feature-targeting': 14.0.0
      '@material/ripple': 14.0.0
      '@material/rtl': 14.0.0
      '@material/textfield': 14.0.0
      '@smui/common': 8.0.3
      '@smui/floating-label': 8.0.3
      '@smui/line-ripple': 8.0.3
      '@smui/notched-outline': 8.0.3
      '@smui/ripple': 8.0.3

  '@smui/tooltip@8.0.3':
    dependencies:
      '@material/tooltip': 14.0.0
      '@smui/common': 8.0.3

  '@smui/top-app-bar@8.0.3':
    dependencies:
      '@material/feature-targeting': 14.0.0
      '@material/top-app-bar': 14.0.0
      '@smui/common': 8.0.3

  '@standard-schema/spec@1.0.0': {}

  '@sveltejs/acorn-typescript@1.0.5(acorn@8.15.0)':
    dependencies:
      acorn: 8.15.0

  '@sveltejs/adapter-auto@3.3.1(@sveltejs/kit@2.37.0(@sveltejs/vite-plugin-svelte@4.0.4(svelte@5.38.6)(vite@5.4.19))(svelte@5.38.6)(vite@5.4.19))':
    dependencies:
      '@sveltejs/kit': 2.37.0(@sveltejs/vite-plugin-svelte@4.0.4(svelte@5.38.6)(vite@5.4.19))(svelte@5.38.6)(vite@5.4.19)
      import-meta-resolve: 4.2.0

  '@sveltejs/kit@2.37.0(@sveltejs/vite-plugin-svelte@4.0.4(svelte@5.38.6)(vite@5.4.19))(svelte@5.38.6)(vite@5.4.19)':
    dependencies:
      '@standard-schema/spec': 1.0.0
      '@sveltejs/acorn-typescript': 1.0.5(acorn@8.15.0)
      '@sveltejs/vite-plugin-svelte': 4.0.4(svelte@5.38.6)(vite@5.4.19)
      '@types/cookie': 0.6.0
      acorn: 8.15.0
      cookie: 0.6.0
      devalue: 5.3.2
      esm-env: 1.2.2
      kleur: 4.1.5
      magic-string: 0.30.18
      mrmime: 2.0.1
      sade: 1.8.1
      set-cookie-parser: 2.7.1
      sirv: 3.0.1
      svelte: 5.38.6
      vite: 5.4.19

  '@sveltejs/vite-plugin-svelte-inspector@3.0.1(@sveltejs/vite-plugin-svelte@4.0.4(svelte@5.38.6)(vite@5.4.19))(svelte@5.38.6)(vite@5.4.19)':
    dependencies:
      '@sveltejs/vite-plugin-svelte': 4.0.4(svelte@5.38.6)(vite@5.4.19)
      debug: 4.4.1
      svelte: 5.38.6
      vite: 5.4.19
    transitivePeerDependencies:
      - supports-color

  '@sveltejs/vite-plugin-svelte@4.0.4(svelte@5.38.6)(vite@5.4.19)':
    dependencies:
      '@sveltejs/vite-plugin-svelte-inspector': 3.0.1(@sveltejs/vite-plugin-svelte@4.0.4(svelte@5.38.6)(vite@5.4.19))(svelte@5.38.6)(vite@5.4.19)
      debug: 4.4.1
      deepmerge: 4.3.1
      kleur: 4.1.5
      magic-string: 0.30.18
      svelte: 5.38.6
      vite: 5.4.19
      vitefu: 1.1.1(vite@5.4.19)
    transitivePeerDependencies:
      - supports-color

  '@types/cookie@0.6.0': {}

  '@types/estree@1.0.8': {}

  acorn@8.15.0: {}

  aria-query@5.3.2: {}

  axobject-query@4.1.0: {}

  clsx@2.1.1: {}

  cookie@0.6.0: {}

  debug@4.4.1:
    dependencies:
      ms: 2.1.3

  deepmerge@4.3.1: {}

  devalue@5.3.2: {}

  esbuild@0.21.5:
    optionalDependencies:
      '@esbuild/aix-ppc64': 0.21.5
      '@esbuild/android-arm': 0.21.5
      '@esbuild/android-arm64': 0.21.5
      '@esbuild/android-x64': 0.21.5
      '@esbuild/darwin-arm64': 0.21.5
      '@esbuild/darwin-x64': 0.21.5
      '@esbuild/freebsd-arm64': 0.21.5
      '@esbuild/freebsd-x64': 0.21.5
      '@esbuild/linux-arm': 0.21.5
      '@esbuild/linux-arm64': 0.21.5
      '@esbuild/linux-ia32': 0.21.5
      '@esbuild/linux-loong64': 0.21.5
      '@esbuild/linux-mips64el': 0.21.5
      '@esbuild/linux-ppc64': 0.21.5
      '@esbuild/linux-riscv64': 0.21.5
      '@esbuild/linux-s390x': 0.21.5
      '@esbuild/linux-x64': 0.21.5
      '@esbuild/netbsd-x64': 0.21.5
      '@esbuild/openbsd-x64': 0.21.5
      '@esbuild/sunos-x64': 0.21.5
      '@esbuild/win32-arm64': 0.21.5
      '@esbuild/win32-ia32': 0.21.5
      '@esbuild/win32-x64': 0.21.5

  esm-env@1.2.2: {}

  esrap@2.1.0:
    dependencies:
      '@jridgewell/sourcemap-codec': 1.5.5

  fsevents@2.3.3:
    optional: true

  import-meta-resolve@4.2.0: {}

  is-reference@3.0.3:
    dependencies:
      '@types/estree': 1.0.8

  kleur@4.1.5: {}

  locate-character@3.0.0: {}

  magic-string@0.30.18:
    dependencies:
      '@jridgewell/sourcemap-codec': 1.5.5

  mri@1.2.0: {}

  mrmime@2.0.1: {}

  ms@2.1.3: {}

  nanoid@3.3.11: {}

  picocolors@1.1.1: {}

  postcss@8.5.6:
    dependencies:
      nanoid: 3.3.11
      picocolors: 1.1.1
      source-map-js: 1.2.1

  rollup@4.49.0:
    dependencies:
      '@types/estree': 1.0.8
    optionalDependencies:
      '@rollup/rollup-android-arm-eabi': 4.49.0
      '@rollup/rollup-android-arm64': 4.49.0
      '@rollup/rollup-darwin-arm64': 4.49.0
      '@rollup/rollup-darwin-x64': 4.49.0
      '@rollup/rollup-freebsd-arm64': 4.49.0
      '@rollup/rollup-freebsd-x64': 4.49.0
      '@rollup/rollup-linux-arm-gnueabihf': 4.49.0
      '@rollup/rollup-linux-arm-musleabihf': 4.49.0
      '@rollup/rollup-linux-arm64-gnu': 4.49.0
      '@rollup/rollup-linux-arm64-musl': 4.49.0
      '@rollup/rollup-linux-loongarch64-gnu': 4.49.0
      '@rollup/rollup-linux-ppc64-gnu': 4.49.0
      '@rollup/rollup-linux-riscv64-gnu': 4.49.0
      '@rollup/rollup-linux-riscv64-musl': 4.49.0
      '@rollup/rollup-linux-s390x-gnu': 4.49.0
      '@rollup/rollup-linux-x64-gnu': 4.49.0
      '@rollup/rollup-linux-x64-musl': 4.49.0
      '@rollup/rollup-win32-arm64-msvc': 4.49.0
      '@rollup/rollup-win32-ia32-msvc': 4.49.0
      '@rollup/rollup-win32-x64-msvc': 4.49.0
      fsevents: 2.3.3

  sade@1.8.1:
    dependencies:
      mri: 1.2.0

  set-cookie-parser@2.7.1: {}

  sirv@3.0.1:
    dependencies:
      '@polka/url': 1.0.0-next.29
      mrmime: 2.0.1
      totalist: 3.0.1

  source-map-js@1.2.1: {}

  svelte@5.38.6:
    dependencies:
      '@jridgewell/remapping': 2.3.5
      '@jridgewell/sourcemap-codec': 1.5.5
      '@sveltejs/acorn-typescript': 1.0.5(acorn@8.15.0)
      '@types/estree': 1.0.8
      acorn: 8.15.0
      aria-query: 5.3.2
      axobject-query: 4.1.0
      clsx: 2.1.1
      esm-env: 1.2.2
      esrap: 2.1.0
      is-reference: 3.0.3
      locate-character: 3.0.0
      magic-string: 0.30.18
      zimmerframe: 1.1.2

  totalist@3.0.1: {}

  tslib@2.8.1: {}

  typescript@5.9.2: {}

  vite@5.4.19:
    dependencies:
      esbuild: 0.21.5
      postcss: 8.5.6
      rollup: 4.49.0
    optionalDependencies:
      fsevents: 2.3.3

  vitefu@1.1.1(vite@5.4.19):
    optionalDependencies:
      vite: 5.4.19

  zimmerframe@1.1.2: {}
